
Microsoft Visual Studio Solution File, Format Version 12.00
# Visual Studio Version 17
VisualStudioVersion = 17.3.32819.101
MinimumVisualStudioVersion = 10.0.40219.1
Project("{9A19103F-16F7-4668-BE54-9A1E7A4F7556}") = "UltimoLeague.Minimal.WebAPI", "UltimoLeague.Minimal.WebAPI\UltimoLeague.Minimal.WebAPI.csproj", "{64409E77-F1A4-43E8-8403-1723BBA599CE}"
EndProject
Project("{9A19103F-16F7-4668-BE54-9A1E7A4F7556}") = "UltimoLeague.Minimal.DAL", "UltimoLeague.Minimal.DAL\UltimoLeague.Minimal.DAL.csproj", "{9C0C4028-0AFA-4E43-8A63-F17FB7BF033B}"
EndProject
Project("{FAE04EC0-301F-11D3-BF4B-00C04F79EFBC}") = "UltimoLeague.Minimal.Contracts", "UltimoLeague.Minimal.Contracts\UltimoLeague.Minimal.Contracts.csproj", "{16BC4CCA-DDEC-4169-8AC0-B9E2E6A5A1A9}"
EndProject
Global
	GlobalSection(SolutionConfigurationPlatforms) = preSolution
		Debug|Any CPU = Debug|Any CPU
		Release|Any CPU = Release|Any CPU
	EndGlobalSection
	GlobalSection(ProjectConfigurationPlatforms) = postSolution
		{64409E77-F1A4-43E8-8403-1723BBA599CE}.Debug|Any CPU.ActiveCfg = Debug|Any CPU
		{64409E77-F1A4-43E8-8403-1723BBA599CE}.Debug|Any CPU.Build.0 = Debug|Any CPU
		{64409E77-F1A4-43E8-8403-1723BBA599CE}.Release|Any CPU.ActiveCfg = Release|Any CPU
		{64409E77-F1A4-43E8-8403-1723BBA599CE}.Release|Any CPU.Build.0 = Release|Any CPU
		{9C0C4028-0AFA-4E43-8A63-F17FB7BF033B}.Debug|Any CPU.ActiveCfg = Debug|Any CPU
		{9C0C4028-0AFA-4E43-8A63-F17FB7BF033B}.Debug|Any CPU.Build.0 = Debug|Any CPU
		{9C0C4028-0AFA-4E43-8A63-F17FB7BF033B}.Release|Any CPU.ActiveCfg = Release|Any CPU
		{9C0C4028-0AFA-4E43-8A63-F17FB7BF033B}.Release|Any CPU.Build.0 = Release|Any CPU
		{16BC4CCA-DDEC-4169-8AC0-B9E2E6A5A1A9}.Debug|Any CPU.ActiveCfg = Debug|Any CPU
		{16BC4CCA-DDEC-4169-8AC0-B9E2E6A5A1A9}.Debug|Any CPU.Build.0 = Debug|Any CPU
		{16BC4CCA-DDEC-4169-8AC0-B9E2E6A5A1A9}.Release|Any CPU.ActiveCfg = Release|Any CPU
		{16BC4CCA-DDEC-4169-8AC0-B9E2E6A5A1A9}.Release|Any CPU.Build.0 = Release|Any CPU
	EndGlobalSection
	GlobalSection(SolutionProperties) = preSolution
		HideSolutionNode = FALSE
	EndGlobalSection
	GlobalSection(ExtensibilityGlobals) = postSolution
		SolutionGuid = {C0827582-D07F-43CC-A8B4-DDE698DA21E1}
	EndGlobalSection
EndGlobal
